
Microsoft Visual Studio Solution File, Format Version 12.00
# Visual Studio Version 16
VisualStudioVersion = 16.0.29411.108
MinimumVisualStudioVersion = 10.0.40219.1
Project("{8BC9CEB8-8B4A-11D0-8D11-00A0C91BC942}") = "Algorithm-CPP", "Algorithm-CPP\Algorithm-CPP.vcxproj", "{20237EF2-C09F-4AD1-AFBB-800331CA284E}"
EndProject
Project("{8BC9CEB8-8B4A-11D0-8D11-00A0C91BC942}") = "quickSort", "quickSort\quickSort.vcxproj", "{5F16F7EE-A9F1-4CC7-8949-2F2372F7CE2B}"
EndProject
Global
	GlobalSection(SolutionConfigurationPlatforms) = preSolution
		Debug|x64 = Debug|x64
		Debug|x86 = Debug|x86
		Release|x64 = Release|x64
		Release|x86 = Release|x86
	EndGlobalSection
	GlobalSection(ProjectConfigurationPlatforms) = postSolution
		{20237EF2-C09F-4AD1-AFBB-800331CA284E}.Debug|x64.ActiveCfg = Debug|x64
		{20237EF2-C09F-4AD1-AFBB-800331CA284E}.Debug|x64.Build.0 = Debug|x64
		{20237EF2-C09F-4AD1-AFBB-800331CA284E}.Debug|x86.ActiveCfg = Debug|Win32
		{20237EF2-C09F-4AD1-AFBB-800331CA284E}.Debug|x86.Build.0 = Debug|Win32
		{20237EF2-C09F-4AD1-AFBB-800331CA284E}.Release|x64.ActiveCfg = Release|x64
		{20237EF2-C09F-4AD1-AFBB-800331CA284E}.Release|x64.Build.0 = Release|x64
		{20237EF2-C09F-4AD1-AFBB-800331CA284E}.Release|x86.ActiveCfg = Release|Win32
		{20237EF2-C09F-4AD1-AFBB-800331CA284E}.Release|x86.Build.0 = Release|Win32
		{5F16F7EE-A9F1-4CC7-8949-2F2372F7CE2B}.Debug|x64.ActiveCfg = Debug|x64
		{5F16F7EE-A9F1-4CC7-8949-2F2372F7CE2B}.Debug|x64.Build.0 = Debug|x64
		{5F16F7EE-A9F1-4CC7-8949-2F2372F7CE2B}.Debug|x86.ActiveCfg = Debug|Win32
		{5F16F7EE-A9F1-4CC7-8949-2F2372F7CE2B}.Debug|x86.Build.0 = Debug|Win32
		{5F16F7EE-A9F1-4CC7-8949-2F2372F7CE2B}.Release|x64.ActiveCfg = Release|x64
		{5F16F7EE-A9F1-4CC7-8949-2F2372F7CE2B}.Release|x64.Build.0 = Release|x64
		{5F16F7EE-A9F1-4CC7-8949-2F2372F7CE2B}.Release|x86.ActiveCfg = Release|Win32
		{5F16F7EE-A9F1-4CC7-8949-2F2372F7CE2B}.Release|x86.Build.0 = Release|Win32
	EndGlobalSection
	GlobalSection(SolutionProperties) = preSolution
		HideSolutionNode = FALSE
	EndGlobalSection
	GlobalSection(ExtensibilityGlobals) = postSolution
		SolutionGuid = {2B69B4B9-1427-442F-A006-2FC388962906}
	EndGlobalSection
EndGlobal
